github.com/Rajath07/blue-green-architecture-support v1.0.2 h1:XSTrvukL77FV+OY/HAgiOJU5wjAJszNTVe1Pw/Q9Nck=
github.com/Rajath07/blue-green-architecture-support v1.0.2/go.mod h1:gAxpmate8BXn/Q2zn55B2HEzAYBBP26NlaKzER0ZS20=
github.com/Rajath07/blue-green-architecture-support v1.0.3 h1:3Xv6EwAqhjmBKWsHoPg/4ag7VX8vfKdJOa82PeECSlg=
github.com/Rajath07/blue-green-architecture-support v1.0.3/go.mod h1:gAxpmate8BXn/Q2zn55B2HEzAYBBP26NlaKzER0ZS20=
github.com/Rajath07/blue-green-architecture-support v1.0.4 h1:r9mJ9ys+z4WNzfbqrM0mbTBwhrg8ATDhnC5H+ubvjoc=
github.com/Rajath07/blue-green-architecture-support v1.0.4/go.mod h1:gAxpmate8BXn/Q2zn55B2HEzAYBBP26NlaKzER0ZS20=
github.com/Rajath07/blue-green-architecture-support v1.0.5 h1:CONTE6lQifFDKEcOmzU0wEyIwdBgJmSLz+qF6bIU7X4=
github.com/Rajath07/blue-green-architecture-support v1.0.5/go.mod h1:gAxpmate8BXn/Q2zn55B2HEzAYBBP26NlaKzER0ZS20=
github.com/Rajath07/blue-green-architecture-support v1.0.6 h1:S/nhaITXRO/Ws0B0bMg/w+wOoEG/R8zMBCNI7Zo6Iec=
github.com/Rajath07/blue-green-architecture-support v1.0.6/go.mod h1:gAxpmate8BXn/Q2zn55B2HEzAYBBP26NlaKzER0ZS20=
github.com/Rajath07/blue-green-architecture-support v1.0.7 h1:NWVaC4FS6n7/KW4u9YmpmqzgD4h5RggiAdZtw1msfnw=
github.com/Rajath07/blue-green-architecture-support v1.0.7/go.mod h1:gAxpmate8BXn/Q2zn55B2HEzAYBBP26NlaKzER0ZS20=
github.com/Rajath07/blue-green-architecture-support v1.0.8 h1:dUzCqfFo3wZBonf6RcvM7oFdYbLG7CaabVXr5TNBwYI=
github.com/Rajath07/blue-green-architecture-support v1.0.8/go.mod h1:gAxpmate8BXn/Q2zn55B2HEzAYBBP26NlaKzER0ZS20=
github.com/Rajath07/blue-green-architecture-support v1.0.9 h1:qsNyCYS/Vh5hPyglnZqbiXTqBB3A8e+3bl91WVixxUE=
github.com/Rajath07/blue-green-architecture-support v1.0.9/go.mod h1:gAxpmate8BXn/Q2zn55B2HEzAYBBP26NlaKzER0ZS20=
github.com/Rajath07/blue-green-architecture-support v1.0.11 h1:XxA59sL4P+fg7qk8/N62JQ5aJxLTK/r/AVJZFzM0DCk=
github.com/Rajath07/blue-green-architecture-support v1.0.11/go.mod h1:gAxpmate8BXn/Q2zn55B2HEzAYBBP26NlaKzER0ZS20=
github.com/Rajath07/blue-green-architecture-support v1.0.12 h1:U12zhSti4+4n+xDYY7OPSNiZiYQeW8IeFYaGK91l6jw=
github.com/Rajath07/blue-green-architecture-support v1.0.12/go.mod h1:gAxpmate8BXn/Q2zn55B2HEzAYBBP26NlaKzER0ZS20=
github.com/Rajath07/blue-green-architecture-support v1.0.13 h1:oiSkX9PdI0BlImLWePp5/ZdyvhH2XwQS2qYyg6Auw3g=
github.com/Rajath07/blue-green-architecture-support v1.0.13/go.mod h1:gAxpmate8BXn/Q2zn55B2HEzAYBBP26NlaKzER0ZS20=
github.com/Rajath07/blue-green-architecture-support v1.0.14 h1:dHcbTFa+8vx8/42znwPIazC/Z36OOoRM/xORa+ujJ3Y=
github.com/Rajath07/blue-green-architecture-support v1.0.14/go.mod h1:gAxpmate8BXn/Q2zn55B2HEzAYBBP26NlaKzER0ZS20=
github.com/Rajath07/blue-green-architecture-support v1.0.15 h1:fWH9ryivB+q9Jwm/Wv4W6P0fdP00qoA1YkT+1t9zqi4=
github.com/Rajath07/blue-green-architecture-support v1.0.15/go.mod h1:gAxpmate8BXn/Q2zn55B2HEzAYBBP26NlaKzER0ZS20=
github.com/Rajath07/blue-green-architecture-support v1.0.16 h1:BovjzcQchxskZyuscKvo9RrMsS89toK+4NsAHPv2bD8=
github.com/Rajath07/blue-green-architecture-support v1.0.16/go.mod h1:gAxpmate8BXn/Q2zn55B2HEzAYBBP26NlaKzER0ZS20=
github.com/Rajath07/blue-green-architecture-support v1.0.17 h1:hXiFukDP/9I68nTcd76R3GYdGybHb5+z42sQaGMtDG4=
github.com/Rajath07/blue-green-architecture-support v1.0.17/go.mod h1:gAxpmate8BXn/Q2zn55B2HEzAYBBP26NlaKzER0ZS20=
github.com/Rajath07/blue-green-architecture-support v1.0.18 h1:OTXCYzkhTpdJz9/Z2jsL8oJ5AYb5uIIefIE5jrLw1L4=
github.com/Rajath07/blue-green-architecture-support v1.0.18/go.mod h1:D0f6ww8ZJk0/7T4ENW3bGHxTgjLXegB+0Xf6snlW5Z0=
github.com/Rajath07/blue-green-architecture-support v1.0.19 h1:O2BiZuNA3gXOmF92IqWQVartAoh1vYzZZ5KXsDFLFlI=
github.com/Rajath07/blue-green-architecture-support v1.0.19/go.mod h1:gAxpmate8BXn/Q2zn55B2HEzAYBBP26NlaKzER0ZS20=
github.com/Rajath07/blue-green-architecture-support v1.0.20 h1:DmB/RBc12e7H81k2oEvOWHVuJ46YVxdxpEgGFKm1sgM=
github.com/Rajath07/blue-green-architecture-support v1.0.20/go.mod h1:gAxpmate8BXn/Q2zn55B2HEzAYBBP26NlaKzER0ZS20=
golang.org/x/exp v0.0.0-20231110203233-9a3e6036ecaa h1:FRnLl4eNAQl8hwxVVC17teOw8kdjVDVAiFMtgUdTSRQ=
gonum.org/v1/gonum v0.15.0 h1:2lYxjRbTYyxkJxlhC+LvJIx3SsANPdRybu1tGj9/OrQ=
gonum.org/v1/gonum v0.15.0/go.mod h1:xzZVBJBtS+Mz4q0Yl2LJTk+OxOg4jiXZ7qBoM0uISGo=
gopkg.in/check.v1 v0.0.0-20161208181325-20d25e280405 h1:yhCVgyC4o1eVCa2tZl7eS0r+SDo693bJlVdllGtEeKM=
gopkg.in/check.v1 v0.0.0-20161208181325-20d25e280405/go.mod h1:Co6ibVJAznAaIkqp8huTwlJQCZ016jof/cbN4VW5Yz0=
gopkg.in/yaml.v2 v2.4.0 h1:D8xgwECY7CYvx+Y2n4sBz93Jn9JRvxdiyyo8CTfuKaY=
gopkg.in/yaml.v2 v2.4.0/go.mod h1:RDklbk79AGWmwhnvt/jBztapEOGDOx6ZbXqjP6csGnQ=
